
Microsoft Visual Studio Solution File, Format Version 12.00
# Visual Studio Version 17
VisualStudioVersion = 17.2.32526.322
MinimumVisualStudioVersion = 10.0.40219.1
Project("{FAE04EC0-301F-11D3-BF4B-00C04F79EFBC}") = "Epam.Auction.PL.ConsolePL", "Epam.Auction\Epam.Auction.PL.ConsolePL.csproj", "{5B2129B5-FC9E-44D0-8E0C-9AB3FEA69940}"
EndProject
Project("{2150E333-8FDC-42A3-9474-1A3956D46DE8}") = "PL", "PL", "{C52D160F-D9D1-4569-B785-E7C1295C72D2}"
EndProject
Project("{2150E333-8FDC-42A3-9474-1A3956D46DE8}") = "BLL", "BLL", "{E170FA24-B3F5-48AD-80C2-D09330A1CA3F}"
EndProject
Project("{2150E333-8FDC-42A3-9474-1A3956D46DE8}") = "DAL", "DAL", "{025F8D22-03AC-4CF2-AEB4-A8CA2D470516}"
EndProject
Project("{2150E333-8FDC-42A3-9474-1A3956D46DE8}") = "Common", "Common", "{C239787A-FD29-461D-B8F6-88A227BF2EBE}"
EndProject
Project("{FAE04EC0-301F-11D3-BF4B-00C04F79EFBC}") = "Epam.Auction.BLL.BLL", "Epam.Auction.BLL.BLL\Epam.Auction.BLL.BLL.csproj", "{97FE4ADE-FFE4-4ADB-9928-FD4445CA0030}"
EndProject
Project("{FAE04EC0-301F-11D3-BF4B-00C04F79EFBC}") = "Epam.Auction.BLL.Interfaces", "Epam.Auction.BLL.Interfaces\Epam.Auction.BLL.Interfaces.csproj", "{E28CE66E-0F0E-4D65-8689-61FD7E06D954}"
EndProject
Project("{FAE04EC0-301F-11D3-BF4B-00C04F79EFBC}") = "Epam.Auction.DAL.SqlDAL", "Epam.Auction.SqlDAL\Epam.Auction.DAL.SqlDAL.csproj", "{FCA2C2E5-522B-4C42-85CE-21B6F98E3C2E}"
EndProject
Project("{FAE04EC0-301F-11D3-BF4B-00C04F79EFBC}") = "Epam.Auction.DAL.Interfaces", "Epam.Auction.DAL.Interfaces\Epam.Auction.DAL.Interfaces.csproj", "{ADC2311D-95DE-4D93-850A-6FDCAAA0598E}"
EndProject
Project("{FAE04EC0-301F-11D3-BF4B-00C04F79EFBC}") = "Epam.Auction.Common.Entites", "Epam.Auction.Common.Entites\Epam.Auction.Common.Entites.csproj", "{41ECDF0D-D210-4A06-B507-1865F8B32A0C}"
EndProject
Project("{FAE04EC0-301F-11D3-BF4B-00C04F79EFBC}") = "Epam.Auction.Common.Dependencies", "Epam.Auction.Common.Dependencies\Epam.Auction.Common.Dependencies.csproj", "{A8981451-C7E3-45C0-94F4-409D01CD8D3D}"
EndProject
Global
	GlobalSection(SolutionConfigurationPlatforms) = preSolution
		Debug|Any CPU = Debug|Any CPU
		Release|Any CPU = Release|Any CPU
	EndGlobalSection
	GlobalSection(ProjectConfigurationPlatforms) = postSolution
		{5B2129B5-FC9E-44D0-8E0C-9AB3FEA69940}.Debug|Any CPU.ActiveCfg = Debug|Any CPU
		{5B2129B5-FC9E-44D0-8E0C-9AB3FEA69940}.Debug|Any CPU.Build.0 = Debug|Any CPU
		{5B2129B5-FC9E-44D0-8E0C-9AB3FEA69940}.Release|Any CPU.ActiveCfg = Release|Any CPU
		{5B2129B5-FC9E-44D0-8E0C-9AB3FEA69940}.Release|Any CPU.Build.0 = Release|Any CPU
		{97FE4ADE-FFE4-4ADB-9928-FD4445CA0030}.Debug|Any CPU.ActiveCfg = Debug|Any CPU
		{97FE4ADE-FFE4-4ADB-9928-FD4445CA0030}.Debug|Any CPU.Build.0 = Debug|Any CPU
		{97FE4ADE-FFE4-4ADB-9928-FD4445CA0030}.Release|Any CPU.ActiveCfg = Release|Any CPU
		{97FE4ADE-FFE4-4ADB-9928-FD4445CA0030}.Release|Any CPU.Build.0 = Release|Any CPU
		{E28CE66E-0F0E-4D65-8689-61FD7E06D954}.Debug|Any CPU.ActiveCfg = Debug|Any CPU
		{E28CE66E-0F0E-4D65-8689-61FD7E06D954}.Debug|Any CPU.Build.0 = Debug|Any CPU
		{E28CE66E-0F0E-4D65-8689-61FD7E06D954}.Release|Any CPU.ActiveCfg = Release|Any CPU
		{E28CE66E-0F0E-4D65-8689-61FD7E06D954}.Release|Any CPU.Build.0 = Release|Any CPU
		{FCA2C2E5-522B-4C42-85CE-21B6F98E3C2E}.Debug|Any CPU.ActiveCfg = Debug|Any CPU
		{FCA2C2E5-522B-4C42-85CE-21B6F98E3C2E}.Debug|Any CPU.Build.0 = Debug|Any CPU
		{FCA2C2E5-522B-4C42-85CE-21B6F98E3C2E}.Release|Any CPU.ActiveCfg = Release|Any CPU
		{FCA2C2E5-522B-4C42-85CE-21B6F98E3C2E}.Release|Any CPU.Build.0 = Release|Any CPU
		{ADC2311D-95DE-4D93-850A-6FDCAAA0598E}.Debug|Any CPU.ActiveCfg = Debug|Any CPU
		{ADC2311D-95DE-4D93-850A-6FDCAAA0598E}.Debug|Any CPU.Build.0 = Debug|Any CPU
		{ADC2311D-95DE-4D93-850A-6FDCAAA0598E}.Release|Any CPU.ActiveCfg = Release|Any CPU
		{ADC2311D-95DE-4D93-850A-6FDCAAA0598E}.Release|Any CPU.Build.0 = Release|Any CPU
		{41ECDF0D-D210-4A06-B507-1865F8B32A0C}.Debug|Any CPU.ActiveCfg = Debug|Any CPU
		{41ECDF0D-D210-4A06-B507-1865F8B32A0C}.Debug|Any CPU.Build.0 = Debug|Any CPU
		{41ECDF0D-D210-4A06-B507-1865F8B32A0C}.Release|Any CPU.ActiveCfg = Release|Any CPU
		{41ECDF0D-D210-4A06-B507-1865F8B32A0C}.Release|Any CPU.Build.0 = Release|Any CPU
		{A8981451-C7E3-45C0-94F4-409D01CD8D3D}.Debug|Any CPU.ActiveCfg = Debug|Any CPU
		{A8981451-C7E3-45C0-94F4-409D01CD8D3D}.Debug|Any CPU.Build.0 = Debug|Any CPU
		{A8981451-C7E3-45C0-94F4-409D01CD8D3D}.Release|Any CPU.ActiveCfg = Release|Any CPU
		{A8981451-C7E3-45C0-94F4-409D01CD8D3D}.Release|Any CPU.Build.0 = Release|Any CPU
	EndGlobalSection
	GlobalSection(SolutionProperties) = preSolution
		HideSolutionNode = FALSE
	EndGlobalSection
	GlobalSection(NestedProjects) = preSolution
		{5B2129B5-FC9E-44D0-8E0C-9AB3FEA69940} = {C52D160F-D9D1-4569-B785-E7C1295C72D2}
		{97FE4ADE-FFE4-4ADB-9928-FD4445CA0030} = {E170FA24-B3F5-48AD-80C2-D09330A1CA3F}
		{E28CE66E-0F0E-4D65-8689-61FD7E06D954} = {E170FA24-B3F5-48AD-80C2-D09330A1CA3F}
		{FCA2C2E5-522B-4C42-85CE-21B6F98E3C2E} = {025F8D22-03AC-4CF2-AEB4-A8CA2D470516}
		{ADC2311D-95DE-4D93-850A-6FDCAAA0598E} = {025F8D22-03AC-4CF2-AEB4-A8CA2D470516}
		{41ECDF0D-D210-4A06-B507-1865F8B32A0C} = {C239787A-FD29-461D-B8F6-88A227BF2EBE}
		{A8981451-C7E3-45C0-94F4-409D01CD8D3D} = {C239787A-FD29-461D-B8F6-88A227BF2EBE}
	EndGlobalSection
	GlobalSection(ExtensibilityGlobals) = postSolution
		SolutionGuid = {75D241F6-EF7A-4B3F-8F59-2B485C90A5A1}
	EndGlobalSection
EndGlobal
